
Microsoft Visual Studio Solution File, Format Version 12.00
# Visual Studio Version 16
VisualStudioVersion = 16.0.30907.101
MinimumVisualStudioVersion = 10.0.40219.1
Project("{FAE04EC0-301F-11D3-BF4B-00C04F79EFBC}") = "WebApplication1", "WebApplication1\WebApplication1.csproj", "{158C988B-21A4-4171-A433-4E49589EC34C}"
EndProject
Global
	GlobalSection(SolutionConfigurationPlatforms) = preSolution
		Debug|Any CPU = Debug|Any CPU
		Release|Any CPU = Release|Any CPU
	EndGlobalSection
	GlobalSection(ProjectConfigurationPlatforms) = postSolution
		{158C988B-21A4-4171-A433-4E49589EC34C}.Debug|Any CPU.ActiveCfg = Debug|Any CPU
		{158C988B-21A4-4171-A433-4E49589EC34C}.Debug|Any CPU.Build.0 = Debug|Any CPU
		{158C988B-21A4-4171-A433-4E49589EC34C}.Release|Any CPU.ActiveCfg = Release|Any CPU
		{158C988B-21A4-4171-A433-4E49589EC34C}.Release|Any CPU.Build.0 = Release|Any CPU
	EndGlobalSection
	GlobalSection(SolutionProperties) = preSolution
		HideSolutionNode = FALSE
	EndGlobalSection
	GlobalSection(ExtensibilityGlobals) = postSolution
		SolutionGuid = {68E4EE9B-77A6-436D-859B-D83BA6F63252}
	EndGlobalSection
EndGlobal
